
Microsoft Visual Studio Solution File, Format Version 12.00
# Visual Studio Version 16
VisualStudioVersion = 16.0.31911.196
MinimumVisualStudioVersion = 10.0.40219.1
Project("{9A19103F-16F7-4668-BE54-9A1E7A4F7556}") = "Extensions.net", "Extensions.net\Extensions.net.csproj", "{BE50E1B2-00C0-4F34-9AAE-8D5B646A9AC8}"
EndProject
Project("{9A19103F-16F7-4668-BE54-9A1E7A4F7556}") = "Extensions.net.core.tests", "Extensions.net.core.tests\Extensions.net.core.tests.csproj", "{A30DCF5F-6D03-4C04-B8DF-E82E58CD5FDF}"
EndProject
Global
	GlobalSection(SolutionConfigurationPlatforms) = preSolution
		Debug|Any CPU = Debug|Any CPU
		Release|Any CPU = Release|Any CPU
	EndGlobalSection
	GlobalSection(ProjectConfigurationPlatforms) = postSolution
		{BE50E1B2-00C0-4F34-9AAE-8D5B646A9AC8}.Debug|Any CPU.ActiveCfg = Debug|Any CPU
		{BE50E1B2-00C0-4F34-9AAE-8D5B646A9AC8}.Debug|Any CPU.Build.0 = Debug|Any CPU
		{BE50E1B2-00C0-4F34-9AAE-8D5B646A9AC8}.Release|Any CPU.ActiveCfg = Release|Any CPU
		{BE50E1B2-00C0-4F34-9AAE-8D5B646A9AC8}.Release|Any CPU.Build.0 = Release|Any CPU
		{A30DCF5F-6D03-4C04-B8DF-E82E58CD5FDF}.Debug|Any CPU.ActiveCfg = Debug|Any CPU
		{A30DCF5F-6D03-4C04-B8DF-E82E58CD5FDF}.Debug|Any CPU.Build.0 = Debug|Any CPU
		{A30DCF5F-6D03-4C04-B8DF-E82E58CD5FDF}.Release|Any CPU.ActiveCfg = Release|Any CPU
		{A30DCF5F-6D03-4C04-B8DF-E82E58CD5FDF}.Release|Any CPU.Build.0 = Release|Any CPU
	EndGlobalSection
	GlobalSection(SolutionProperties) = preSolution
		HideSolutionNode = FALSE
	EndGlobalSection
	GlobalSection(ExtensibilityGlobals) = postSolution
		SolutionGuid = {7A0514AF-BD6E-4A5E-901F-82FC98894CB4}
	EndGlobalSection
EndGlobal
